
Microsoft Visual Studio Solution File, Format Version 12.00
# Visual Studio Version 17
VisualStudioVersion = 17.8.34511.84
MinimumVisualStudioVersion = 10.0.40219.1
Project("{9A19103F-16F7-4668-BE54-9A1E7A4F7556}") = "PieShopHRM", "PieShopHRM.csproj", "{4917AFBB-A7F5-4F2C-8CE1-ED3EDE59A874}"
EndProject
Project("{9A19103F-16F7-4668-BE54-9A1E7A4F7556}") = "PieShopHRM.Shared", "..\PieShopHRM.Shared\PieShopHRM.Shared.csproj", "{7E48DF8A-4A4E-4E6E-91BD-FFD8CC10B50A}"
EndProject
Global
	GlobalSection(SolutionConfigurationPlatforms) = preSolution
		Debug|Any CPU = Debug|Any CPU
		Release|Any CPU = Release|Any CPU
	EndGlobalSection
	GlobalSection(ProjectConfigurationPlatforms) = postSolution
		{4917AFBB-A7F5-4F2C-8CE1-ED3EDE59A874}.Debug|Any CPU.ActiveCfg = Debug|Any CPU
		{4917AFBB-A7F5-4F2C-8CE1-ED3EDE59A874}.Debug|Any CPU.Build.0 = Debug|Any CPU
		{4917AFBB-A7F5-4F2C-8CE1-ED3EDE59A874}.Release|Any CPU.ActiveCfg = Release|Any CPU
		{4917AFBB-A7F5-4F2C-8CE1-ED3EDE59A874}.Release|Any CPU.Build.0 = Release|Any CPU
		{7E48DF8A-4A4E-4E6E-91BD-FFD8CC10B50A}.Debug|Any CPU.ActiveCfg = Debug|Any CPU
		{7E48DF8A-4A4E-4E6E-91BD-FFD8CC10B50A}.Debug|Any CPU.Build.0 = Debug|Any CPU
		{7E48DF8A-4A4E-4E6E-91BD-FFD8CC10B50A}.Release|Any CPU.ActiveCfg = Release|Any CPU
		{7E48DF8A-4A4E-4E6E-91BD-FFD8CC10B50A}.Release|Any CPU.Build.0 = Release|Any CPU
	EndGlobalSection
	GlobalSection(SolutionProperties) = preSolution
		HideSolutionNode = FALSE
	EndGlobalSection
	GlobalSection(ExtensibilityGlobals) = postSolution
		SolutionGuid = {7767224E-86CF-42E0-8E6A-08139AEC3FBC}
	EndGlobalSection
EndGlobal
